// !$*UTF8*$!
{
	archiveVersion = 1;
	classes = {
	};
	objectVersion = 56;
	objects = {

/* Begin PBXBuildFile section */
		A1000001 /* KyeApp.swift in Sources */ = {isa = PBXBuildFile; fileRef = A2000001 /* KyeApp.swift */; };
		A1000002 /* ContentView.swift in Sources */ = {isa = PBXBuildFile; fileRef = A2000002 /* ContentView.swift */; };
		A1000003 /* SettingsView.swift in Sources */ = {isa = PBXBuildFile; fileRef = A2000003 /* SettingsView.swift */; };
		A1000024 /* RuleEditorView.swift in Sources */ = {isa = PBXBuildFile; fileRef = A2000024 /* RuleEditorView.swift */; };
		A1000004 /* Assets.xcassets in Resources */ = {isa = PBXBuildFile; fileRef = A2000004 /* Assets.xcassets */; };
		A1000005 /* Configuration.swift in Sources */ = {isa = PBXBuildFile; fileRef = A2000007 /* Configuration.swift */; };
		A1000006 /* Rule.swift in Sources */ = {isa = PBXBuildFile; fileRef = A2000008 /* Rule.swift */; };
		A1000023 /* RuleDraft.swift in Sources */ = {isa = PBXBuildFile; fileRef = A2000023 /* RuleDraft.swift */; };
		A1000007 /* AppError.swift in Sources */ = {isa = PBXBuildFile; fileRef = A2000009 /* AppError.swift */; };
		A1000008 /* KeyMapper.swift in Sources */ = {isa = PBXBuildFile; fileRef = A2000010 /* KeyMapper.swift */; };
		A1000009 /* ModifierHandler.swift in Sources */ = {isa = PBXBuildFile; fileRef = A2000011 /* ModifierHandler.swift */; };
		A1000010 /* RuleEngine.swift in Sources */ = {isa = PBXBuildFile; fileRef = A2000012 /* RuleEngine.swift */; };
		A1000011 /* EventTapManager.swift in Sources */ = {isa = PBXBuildFile; fileRef = A2000013 /* EventTapManager.swift */; };
		B1000001 /* KyeTests.swift in Sources */ = {isa = PBXBuildFile; fileRef = B2000001 /* KyeTests.swift */; };
		B1000002 /* ConfigurationTests.swift in Sources */ = {isa = PBXBuildFile; fileRef = B2000002 /* ConfigurationTests.swift */; };
		B1000003 /* AppErrorTests.swift in Sources */ = {isa = PBXBuildFile; fileRef = B2000003 /* AppErrorTests.swift */; };
		B1000004 /* KeyMapperTests.swift in Sources */ = {isa = PBXBuildFile; fileRef = B2000004 /* KeyMapperTests.swift */; };
		B1000005 /* ModifierHandlerTests.swift in Sources */ = {isa = PBXBuildFile; fileRef = B2000005 /* ModifierHandlerTests.swift */; };
		B1000006 /* RuleEngineTests.swift in Sources */ = {isa = PBXBuildFile; fileRef = B2000006 /* RuleEngineTests.swift */; };
		B1000007 /* EventTapManagerTests.swift in Sources */ = {isa = PBXBuildFile; fileRef = B2000007 /* EventTapManagerTests.swift */; };
		A1000012 /* LoggerService.swift in Sources */ = {isa = PBXBuildFile; fileRef = A2000014 /* LoggerService.swift */; };
		A1000013 /* ConfigurationManager.swift in Sources */ = {isa = PBXBuildFile; fileRef = A2000015 /* ConfigurationManager.swift */; };
		A1000014 /* PermissionManager.swift in Sources */ = {isa = PBXBuildFile; fileRef = A2000016 /* PermissionManager.swift */; };
		A1000015 /* AppController.swift in Sources */ = {isa = PBXBuildFile; fileRef = A2000017 /* AppController.swift */; };
		A1000016 /* LaunchAtLoginManager.swift in Sources */ = {isa = PBXBuildFile; fileRef = A2000018 /* LaunchAtLoginManager.swift */; };
		A1000020 /* KeySymbol.swift in Sources */ = {isa = PBXBuildFile; fileRef = A2000020 /* KeySymbol.swift */; };
		A1000021 /* KeyCaptureController.swift in Sources */ = {isa = PBXBuildFile; fileRef = A2000021 /* KeyCaptureController.swift */; };
		A1000022 /* ConfigFileWatcher.swift in Sources */ = {isa = PBXBuildFile; fileRef = A2000022 /* ConfigFileWatcher.swift */; };
		B1000008 /* LoggerServiceTests.swift in Sources */ = {isa = PBXBuildFile; fileRef = B2000008 /* LoggerServiceTests.swift */; };
		B1000009 /* ConfigurationManagerTests.swift in Sources */ = {isa = PBXBuildFile; fileRef = B2000009 /* ConfigurationManagerTests.swift */; };
		B1000010 /* PermissionManagerTests.swift in Sources */ = {isa = PBXBuildFile; fileRef = B2000010 /* PermissionManagerTests.swift */; };
		B1000011 /* AppControllerTests.swift in Sources */ = {isa = PBXBuildFile; fileRef = B2000011 /* AppControllerTests.swift */; };
		B1000012 /* LaunchAtLoginManagerTests.swift in Sources */ = {isa = PBXBuildFile; fileRef = B2000012 /* LaunchAtLoginManagerTests.swift */; };
		B1000013 /* IntegrationTests.swift in Sources */ = {isa = PBXBuildFile; fileRef = B2000013 /* IntegrationTests.swift */; };
		B1000014 /* CGEventTestHelper.swift in Sources */ = {isa = PBXBuildFile; fileRef = B2000014 /* CGEventTestHelper.swift */; };
		B1000020 /* KeySymbolTests.swift in Sources */ = {isa = PBXBuildFile; fileRef = B2000020 /* KeySymbolTests.swift */; };
		B1000021 /* KeyCaptureTests.swift in Sources */ = {isa = PBXBuildFile; fileRef = B2000021 /* KeyCaptureTests.swift */; };
		B1000022 /* ConfigFileWatcherTests.swift in Sources */ = {isa = PBXBuildFile; fileRef = B2000022 /* ConfigFileWatcherTests.swift */; };
		B1000023 /* RuleDraftTests.swift in Sources */ = {isa = PBXBuildFile; fileRef = B2000023 /* RuleDraftTests.swift */; };
/* End PBXBuildFile section */

/* Begin PBXContainerItemProxy section */
		B4000001 /* PBXContainerItemProxy */ = {
			isa = PBXContainerItemProxy;
			containerPortal = A8000001 /* Project object */;
			proxyType = 1;
			remoteGlobalIDString = A6000001;
			remoteInfo = Kye;
		};
/* End PBXContainerItemProxy section */

/* Begin PBXFileReference section */
		A2000001 /* KyeApp.swift */ = {isa = PBXFileReference; lastKnownFileType = sourcecode.swift; path = KyeApp.swift; sourceTree = "<group>"; };
		A2000002 /* ContentView.swift */ = {isa = PBXFileReference; lastKnownFileType = sourcecode.swift; path = ContentView.swift; sourceTree = "<group>"; };
		A2000003 /* SettingsView.swift */ = {isa = PBXFileReference; lastKnownFileType = sourcecode.swift; path = SettingsView.swift; sourceTree = "<group>"; };
		A2000024 /* RuleEditorView.swift */ = {isa = PBXFileReference; lastKnownFileType = sourcecode.swift; path = RuleEditorView.swift; sourceTree = "<group>"; };
		A2000004 /* Assets.xcassets */ = {isa = PBXFileReference; lastKnownFileType = folder.assetcatalog; path = Assets.xcassets; sourceTree = "<group>"; };
		A2000005 /* Info.plist */ = {isa = PBXFileReference; lastKnownFileType = text.plist.xml; path = Info.plist; sourceTree = "<group>"; };
		A2000006 /* Kye.entitlements */ = {isa = PBXFileReference; lastKnownFileType = text.plist.entitlements; path = Kye.entitlements; sourceTree = "<group>"; };
		A2000007 /* Configuration.swift */ = {isa = PBXFileReference; lastKnownFileType = sourcecode.swift; path = Configuration.swift; sourceTree = "<group>"; };
		A2000008 /* Rule.swift */ = {isa = PBXFileReference; lastKnownFileType = sourcecode.swift; path = Rule.swift; sourceTree = "<group>"; };
		A2000023 /* RuleDraft.swift */ = {isa = PBXFileReference; lastKnownFileType = sourcecode.swift; path = RuleDraft.swift; sourceTree = "<group>"; };
		A2000009 /* AppError.swift */ = {isa = PBXFileReference; lastKnownFileType = sourcecode.swift; path = AppError.swift; sourceTree = "<group>"; };
		A2000010 /* KeyMapper.swift */ = {isa = PBXFileReference; lastKnownFileType = sourcecode.swift; path = KeyMapper.swift; sourceTree = "<group>"; };
		A2000011 /* ModifierHandler.swift */ = {isa = PBXFileReference; lastKnownFileType = sourcecode.swift; path = ModifierHandler.swift; sourceTree = "<group>"; };
		A2000012 /* RuleEngine.swift */ = {isa = PBXFileReference; lastKnownFileType = sourcecode.swift; path = RuleEngine.swift; sourceTree = "<group>"; };
		A2000013 /* EventTapManager.swift */ = {isa = PBXFileReference; lastKnownFileType = sourcecode.swift; path = EventTapManager.swift; sourceTree = "<group>"; };
		A2000020 /* KeySymbol.swift */ = {isa = PBXFileReference; lastKnownFileType = sourcecode.swift; path = KeySymbol.swift; sourceTree = "<group>"; };
		A2000021 /* KeyCaptureController.swift */ = {isa = PBXFileReference; lastKnownFileType = sourcecode.swift; path = KeyCaptureController.swift; sourceTree = "<group>"; };
		A3000001 /* Kye.app */ = {isa = PBXFileReference; explicitFileType = wrapper.application; includeInIndex = 0; path = Kye.app; sourceTree = BUILT_PRODUCTS_DIR; };
		B2000001 /* KyeTests.swift */ = {isa = PBXFileReference; lastKnownFileType = sourcecode.swift; path = KyeTests.swift; sourceTree = "<group>"; };
		B2000002 /* ConfigurationTests.swift */ = {isa = PBXFileReference; lastKnownFileType = sourcecode.swift; path = ConfigurationTests.swift; sourceTree = "<group>"; };
		B2000003 /* AppErrorTests.swift */ = {isa = PBXFileReference; lastKnownFileType = sourcecode.swift; path = AppErrorTests.swift; sourceTree = "<group>"; };
		B2000004 /* KeyMapperTests.swift */ = {isa = PBXFileReference; lastKnownFileType = sourcecode.swift; path = KeyMapperTests.swift; sourceTree = "<group>"; };
		B2000005 /* ModifierHandlerTests.swift */ = {isa = PBXFileReference; lastKnownFileType = sourcecode.swift; path = ModifierHandlerTests.swift; sourceTree = "<group>"; };
		B2000006 /* RuleEngineTests.swift */ = {isa = PBXFileReference; lastKnownFileType = sourcecode.swift; path = RuleEngineTests.swift; sourceTree = "<group>"; };
		B2000007 /* EventTapManagerTests.swift */ = {isa = PBXFileReference; lastKnownFileType = sourcecode.swift; path = EventTapManagerTests.swift; sourceTree = "<group>"; };
		B3000001 /* KyeTests.xctest */ = {isa = PBXFileReference; explicitFileType = wrapper.cfbundle; includeInIndex = 0; path = KyeTests.xctest; sourceTree = BUILT_PRODUCTS_DIR; };
		A2000014 /* LoggerService.swift */ = {isa = PBXFileReference; lastKnownFileType = sourcecode.swift; path = LoggerService.swift; sourceTree = "<group>"; };
		A2000015 /* ConfigurationManager.swift */ = {isa = PBXFileReference; lastKnownFileType = sourcecode.swift; path = ConfigurationManager.swift; sourceTree = "<group>"; };
		A2000022 /* ConfigFileWatcher.swift */ = {isa = PBXFileReference; lastKnownFileType = sourcecode.swift; path = ConfigFileWatcher.swift; sourceTree = "<group>"; };
		A2000016 /* PermissionManager.swift */ = {isa = PBXFileReference; lastKnownFileType = sourcecode.swift; path = PermissionManager.swift; sourceTree = "<group>"; };
		A2000017 /* AppController.swift */ = {isa = PBXFileReference; lastKnownFileType = sourcecode.swift; path = AppController.swift; sourceTree = "<group>"; };
		A2000018 /* LaunchAtLoginManager.swift */ = {isa = PBXFileReference; lastKnownFileType = sourcecode.swift; path = LaunchAtLoginManager.swift; sourceTree = "<group>"; };
		B2000008 /* LoggerServiceTests.swift */ = {isa = PBXFileReference; lastKnownFileType = sourcecode.swift; path = LoggerServiceTests.swift; sourceTree = "<group>"; };
		B2000009 /* ConfigurationManagerTests.swift */ = {isa = PBXFileReference; lastKnownFileType = sourcecode.swift; path = ConfigurationManagerTests.swift; sourceTree = "<group>"; };
		B2000010 /* PermissionManagerTests.swift */ = {isa = PBXFileReference; lastKnownFileType = sourcecode.swift; path = PermissionManagerTests.swift; sourceTree = "<group>"; };
		B2000011 /* AppControllerTests.swift */ = {isa = PBXFileReference; lastKnownFileType = sourcecode.swift; path = AppControllerTests.swift; sourceTree = "<group>"; };
		B2000012 /* LaunchAtLoginManagerTests.swift */ = {isa = PBXFileReference; lastKnownFileType = sourcecode.swift; path = LaunchAtLoginManagerTests.swift; sourceTree = "<group>"; };
		B2000013 /* IntegrationTests.swift */ = {isa = PBXFileReference; lastKnownFileType = sourcecode.swift; path = IntegrationTests.swift; sourceTree = "<group>"; };
		B2000014 /* CGEventTestHelper.swift */ = {isa = PBXFileReference; lastKnownFileType = sourcecode.swift; path = CGEventTestHelper.swift; sourceTree = "<group>"; };
		B2000020 /* KeySymbolTests.swift */ = {isa = PBXFileReference; lastKnownFileType = sourcecode.swift; path = KeySymbolTests.swift; sourceTree = "<group>"; };
		B2000021 /* KeyCaptureTests.swift */ = {isa = PBXFileReference; lastKnownFileType = sourcecode.swift; path = KeyCaptureTests.swift; sourceTree = "<group>"; };
		B2000022 /* ConfigFileWatcherTests.swift */ = {isa = PBXFileReference; lastKnownFileType = sourcecode.swift; path = ConfigFileWatcherTests.swift; sourceTree = "<group>"; };
		B2000023 /* RuleDraftTests.swift */ = {isa = PBXFileReference; lastKnownFileType = sourcecode.swift; path = RuleDraftTests.swift; sourceTree = "<group>"; };
/* End PBXFileReference section */

/* Begin PBXFrameworksBuildPhase section */
		A4000001 /* Frameworks */ = {
			isa = PBXFrameworksBuildPhase;
			buildActionMask = 2147483647;
			files = (
			);
			runOnlyForDeploymentPostprocessing = 0;
		};
		B4000002 /* Frameworks */ = {
			isa = PBXFrameworksBuildPhase;
			buildActionMask = 2147483647;
			files = (
			);
			runOnlyForDeploymentPostprocessing = 0;
		};
/* End PBXFrameworksBuildPhase section */

/* Begin PBXGroup section */
		A5000001 = {
			isa = PBXGroup;
			children = (
				A5000002 /* Kye */,
				B5000001 /* KyeTests */,
				A5000003 /* Products */,
			);
			sourceTree = "<group>";
		};
		A5000002 /* Kye */ = {
			isa = PBXGroup;
			children = (
				A2000001 /* KyeApp.swift */,
				A5000004 /* Views */,
				A5000005 /* Core */,
				A5000006 /* Services */,
				A5000007 /* Models */,
				A5000008 /* Resources */,
				A2000005 /* Info.plist */,
				A2000006 /* Kye.entitlements */,
			);
			path = Kye;
			sourceTree = "<group>";
		};
		A5000003 /* Products */ = {
			isa = PBXGroup;
			children = (
				A3000001 /* Kye.app */,
				B3000001 /* KyeTests.xctest */,
			);
			name = Products;
			sourceTree = "<group>";
		};
		A5000004 /* Views */ = {
			isa = PBXGroup;
			children = (
				A2000002 /* ContentView.swift */,
				A2000003 /* SettingsView.swift */,
				A2000024 /* RuleEditorView.swift */,
			);
			path = Views;
			sourceTree = "<group>";
		};
		A5000005 /* Core */ = {
			isa = PBXGroup;
			children = (
				A2000010 /* KeyMapper.swift */,
				A2000011 /* ModifierHandler.swift */,
				A2000012 /* RuleEngine.swift */,
				A2000013 /* EventTapManager.swift */,
				A2000020 /* KeySymbol.swift */,
				A2000021 /* KeyCaptureController.swift */,
			);
			path = Core;
			sourceTree = "<group>";
		};
		A5000006 /* Services */ = {
			isa = PBXGroup;
			children = (
				A2000014 /* LoggerService.swift */,
				A2000015 /* ConfigurationManager.swift */,
				A2000022 /* ConfigFileWatcher.swift */,
				A2000016 /* PermissionManager.swift */,
				A2000017 /* AppController.swift */,
				A2000018 /* LaunchAtLoginManager.swift */,
			);
			path = Services;
			sourceTree = "<group>";
		};
		A5000007 /* Models */ = {
			isa = PBXGroup;
			children = (
				A2000007 /* Configuration.swift */,
				A2000008 /* Rule.swift */,
				A2000023 /* RuleDraft.swift */,
				A2000009 /* AppError.swift */,
			);
			path = Models;
			sourceTree = "<group>";
		};
		A5000008 /* Resources */ = {
			isa = PBXGroup;
			children = (
				A2000004 /* Assets.xcassets */,
			);
			path = Resources;
			sourceTree = "<group>";
		};
		B5000001 /* KyeTests */ = {
			isa = PBXGroup;
			children = (
				B5000002 /* Helpers */,
				B2000001 /* KyeTests.swift */,
				B2000002 /* ConfigurationTests.swift */,
				B2000003 /* AppErrorTests.swift */,
				B2000004 /* KeyMapperTests.swift */,
				B2000005 /* ModifierHandlerTests.swift */,
				B2000006 /* RuleEngineTests.swift */,
				B2000007 /* EventTapManagerTests.swift */,
				B2000008 /* LoggerServiceTests.swift */,
				B2000009 /* ConfigurationManagerTests.swift */,
				B2000010 /* PermissionManagerTests.swift */,
				B2000011 /* AppControllerTests.swift */,
				B2000012 /* LaunchAtLoginManagerTests.swift */,
				B2000013 /* IntegrationTests.swift */,
				B2000020 /* KeySymbolTests.swift */,
				B2000021 /* KeyCaptureTests.swift */,
				B2000022 /* ConfigFileWatcherTests.swift */,
				B2000023 /* RuleDraftTests.swift */,
			);
			path = KyeTests;
			sourceTree = "<group>";
		};
		B5000002 /* Helpers */ = {
			isa = PBXGroup;
			children = (
				B2000014 /* CGEventTestHelper.swift */,
			);
			path = Helpers;
			sourceTree = "<group>";
		};
/* End PBXGroup section */

/* Begin PBXNativeTarget section */
		A6000001 /* Kye */ = {
			isa = PBXNativeTarget;
			buildConfigurationList = A7000001 /* Build configuration list for PBXNativeTarget "Kye" */;
			buildPhases = (
				A4000002 /* Sources */,
				A4000001 /* Frameworks */,
				A4000003 /* Resources */,
			);
			buildRules = (
			);
			dependencies = (
			);
			name = Kye;
			productName = Kye;
			productReference = A3000001 /* Kye.app */;
			productType = "com.apple.product-type.application";
		};
		B6000001 /* KyeTests */ = {
			isa = PBXNativeTarget;
			buildConfigurationList = B7000001 /* Build configuration list for PBXNativeTarget "KyeTests" */;
			buildPhases = (
				B4000003 /* Sources */,
				B4000002 /* Frameworks */,
				B4000004 /* Resources */,
			);
			buildRules = (
			);
			dependencies = (
				B4000005 /* PBXTargetDependency */,
			);
			name = KyeTests;
			productName = KyeTests;
			productReference = B3000001 /* KyeTests.xctest */;
			productType = "com.apple.product-type.bundle.unit-test";
		};
/* End PBXNativeTarget section */

/* Begin PBXProject section */
		A8000001 /* Project object */ = {
			isa = PBXProject;
			attributes = {
				BuildIndependentTargetsInParallel = 1;
				LastSwiftUpdateCheck = 1500;
				LastUpgradeCheck = 1500;
				TargetAttributes = {
					A6000001 = {
						CreatedOnToolsVersion = 15.0;
					};
					B6000001 = {
						CreatedOnToolsVersion = 15.0;
						TestTargetID = A6000001;
					};
				};
			};
			buildConfigurationList = A7000002 /* Build configuration list for PBXProject "Kye" */;
			compatibilityVersion = "Xcode 14.0";
			developmentRegion = en;
			hasScannedForEncodings = 0;
			knownRegions = (
				en,
				Base,
			);
			mainGroup = A5000001;
			productRefGroup = A5000003 /* Products */;
			projectDirPath = "";
			projectRoot = "";
			targets = (
				A6000001 /* Kye */,
				B6000001 /* KyeTests */,
			);
		};
/* End PBXProject section */

/* Begin PBXResourcesBuildPhase section */
		A4000003 /* Resources */ = {
			isa = PBXResourcesBuildPhase;
			buildActionMask = 2147483647;
			files = (
				A1000004 /* Assets.xcassets in Resources */,
			);
			runOnlyForDeploymentPostprocessing = 0;
		};
		B4000004 /* Resources */ = {
			isa = PBXResourcesBuildPhase;
			buildActionMask = 2147483647;
			files = (
			);
			runOnlyForDeploymentPostprocessing = 0;
		};
/* End PBXResourcesBuildPhase section */

/* Begin PBXSourcesBuildPhase section */
		A4000002 /* Sources */ = {
			isa = PBXSourcesBuildPhase;
			buildActionMask = 2147483647;
			files = (
				A1000001 /* KyeApp.swift in Sources */,
				A1000002 /* ContentView.swift in Sources */,
				A1000003 /* SettingsView.swift in Sources */,
				A1000024 /* RuleEditorView.swift in Sources */,
				A1000005 /* Configuration.swift in Sources */,
				A1000006 /* Rule.swift in Sources */,
				A1000023 /* RuleDraft.swift in Sources */,
				A1000007 /* AppError.swift in Sources */,
				A1000008 /* KeyMapper.swift in Sources */,
				A1000009 /* ModifierHandler.swift in Sources */,
				A1000010 /* RuleEngine.swift in Sources */,
				A1000011 /* EventTapManager.swift in Sources */,
				A1000012 /* LoggerService.swift in Sources */,
				A1000013 /* ConfigurationManager.swift in Sources */,
				A1000022 /* ConfigFileWatcher.swift in Sources */,
				A1000014 /* PermissionManager.swift in Sources */,
				A1000015 /* AppController.swift in Sources */,
				A1000016 /* LaunchAtLoginManager.swift in Sources */,
				A1000020 /* KeySymbol.swift in Sources */,
				A1000021 /* KeyCaptureController.swift in Sources */,
			);
			runOnlyForDeploymentPostprocessing = 0;
		};
		B4000003 /* Sources */ = {
			isa = PBXSourcesBuildPhase;
			buildActionMask = 2147483647;
			files = (
				B1000001 /* KyeTests.swift in Sources */,
				B1000002 /* ConfigurationTests.swift in Sources */,
				B1000003 /* AppErrorTests.swift in Sources */,
				B1000004 /* KeyMapperTests.swift in Sources */,
				B1000005 /* ModifierHandlerTests.swift in Sources */,
				B1000006 /* RuleEngineTests.swift in Sources */,
				B1000007 /* EventTapManagerTests.swift in Sources */,
				B1000008 /* LoggerServiceTests.swift in Sources */,
				B1000009 /* ConfigurationManagerTests.swift in Sources */,
				B1000010 /* PermissionManagerTests.swift in Sources */,
				B1000011 /* AppControllerTests.swift in Sources */,
				B1000012 /* LaunchAtLoginManagerTests.swift in Sources */,
				B1000013 /* IntegrationTests.swift in Sources */,
				B1000014 /* CGEventTestHelper.swift in Sources */,
				B1000020 /* KeySymbolTests.swift in Sources */,
				B1000021 /* KeyCaptureTests.swift in Sources */,
				B1000022 /* ConfigFileWatcherTests.swift in Sources */,
				B1000023 /* RuleDraftTests.swift in Sources */,
			);
			runOnlyForDeploymentPostprocessing = 0;
		};
/* End PBXSourcesBuildPhase section */

/* Begin PBXTargetDependency section */
		B4000005 /* PBXTargetDependency */ = {
			isa = PBXTargetDependency;
			target = A6000001 /* Kye */;
			targetProxy = B4000001 /* PBXContainerItemProxy */;
		};
/* End PBXTargetDependency section */

/* Begin XCBuildConfiguration section */
		A9000001 /* Debug */ = {
			isa = XCBuildConfiguration;
			buildSettings = {
				ALWAYS_SEARCH_USER_PATHS = NO;
				ASSETCATALOG_COMPILER_GENERATE_SWIFT_ASSET_SYMBOL_EXTENSIONS = YES;
				CLANG_ANALYZER_NONNULL = YES;
				CLANG_ANALYZER_NUMBER_OBJECT_CONVERSION = YES_AGGRESSIVE;
				CLANG_CXX_LANGUAGE_STANDARD = "gnu++20";
				CLANG_ENABLE_MODULES = YES;
				CLANG_ENABLE_OBJC_ARC = YES;
				CLANG_ENABLE_OBJC_WEAK = YES;
				CLANG_WARN_BLOCK_CAPTURE_AUTORELEASING = YES;
				CLANG_WARN_BOOL_CONVERSION = YES;
				CLANG_WARN_COMMA = YES;
				CLANG_WARN_CONSTANT_CONVERSION = YES;
				CLANG_WARN_DEPRECATED_OBJC_IMPLEMENTATIONS = YES;
				CLANG_WARN_DIRECT_OBJC_ISA_USAGE = YES_ERROR;
				CLANG_WARN_DOCUMENTATION_COMMENTS = YES;
				CLANG_WARN_EMPTY_BODY = YES;
				CLANG_WARN_ENUM_CONVERSION = YES;
				CLANG_WARN_INFINITE_RECURSION = YES;
				CLANG_WARN_INT_CONVERSION = YES;
				CLANG_WARN_NON_LITERAL_NULL_CONVERSION = YES;
				CLANG_WARN_OBJC_IMPLICIT_RETAIN_SELF = YES;
				CLANG_WARN_OBJC_LITERAL_CONVERSION = YES;
				CLANG_WARN_OBJC_ROOT_CLASS = YES_ERROR;
				CLANG_WARN_QUOTED_INCLUDE_IN_FRAMEWORK_HEADER = YES;
				CLANG_WARN_RANGE_LOOP_ANALYSIS = YES;
				CLANG_WARN_STRICT_PROTOTYPES = YES;
				CLANG_WARN_SUSPICIOUS_MOVE = YES;
				CLANG_WARN_UNGUARDED_AVAILABILITY = YES_AGGRESSIVE;
				CLANG_WARN_UNREACHABLE_CODE = YES;
				CLANG_WARN__DUPLICATE_METHOD_MATCH = YES;
				COPY_PHASE_STRIP = NO;
				DEBUG_INFORMATION_FORMAT = dwarf;
				ENABLE_STRICT_OBJC_MSGSEND = YES;
				ENABLE_TESTABILITY = YES;
				ENABLE_USER_SCRIPT_SANDBOXING = YES;
				GCC_C_LANGUAGE_STANDARD = gnu17;
				GCC_DYNAMIC_NO_PIC = NO;
				GCC_NO_COMMON_BLOCKS = YES;
				GCC_OPTIMIZATION_LEVEL = 0;
				GCC_PREPROCESSOR_DEFINITIONS = (
					"DEBUG=1",
					"$(inherited)",
				);
				GCC_WARN_64_TO_32_BIT_CONVERSION = YES;
				GCC_WARN_ABOUT_RETURN_TYPE = YES_ERROR;
				GCC_WARN_UNDECLARED_SELECTOR = YES;
				GCC_WARN_UNINITIALIZED_AUTOS = YES_AGGRESSIVE;
				GCC_WARN_UNUSED_FUNCTION = YES;
				GCC_WARN_UNUSED_VARIABLE = YES;
				MACOSX_DEPLOYMENT_TARGET = 13.0;
				MTL_ENABLE_DEBUG_INFO = INCLUDE_SOURCE;
				MTL_FAST_MATH = YES;
				ONLY_ACTIVE_ARCH = YES;
				SDKROOT = macosx;
				SWIFT_ACTIVE_COMPILATION_CONDITIONS = "DEBUG $(inherited)";
				SWIFT_OPTIMIZATION_LEVEL = "-Onone";
			};
			name = Debug;
		};
		A9000002 /* Release */ = {
			isa = XCBuildConfiguration;
			buildSettings = {
				ALWAYS_SEARCH_USER_PATHS = NO;
				ASSETCATALOG_COMPILER_GENERATE_SWIFT_ASSET_SYMBOL_EXTENSIONS = YES;
				CLANG_ANALYZER_NONNULL = YES;
				CLANG_ANALYZER_NUMBER_OBJECT_CONVERSION = YES_AGGRESSIVE;
				CLANG_CXX_LANGUAGE_STANDARD = "gnu++20";
				CLANG_ENABLE_MODULES = YES;
				CLANG_ENABLE_OBJC_ARC = YES;
				CLANG_ENABLE_OBJC_WEAK = YES;
				CLANG_WARN_BLOCK_CAPTURE_AUTORELEASING = YES;
				CLANG_WARN_BOOL_CONVERSION = YES;
				CLANG_WARN_COMMA = YES;
				CLANG_WARN_CONSTANT_CONVERSION = YES;
				CLANG_WARN_DEPRECATED_OBJC_IMPLEMENTATIONS = YES;
				CLANG_WARN_DIRECT_OBJC_ISA_USAGE = YES_ERROR;
				CLANG_WARN_DOCUMENTATION_COMMENTS = YES;
				CLANG_WARN_EMPTY_BODY = YES;
				CLANG_WARN_ENUM_CONVERSION = YES;
				CLANG_WARN_INFINITE_RECURSION = YES;
				CLANG_WARN_INT_CONVERSION = YES;
				CLANG_WARN_NON_LITERAL_NULL_CONVERSION = YES;
				CLANG_WARN_OBJC_IMPLICIT_RETAIN_SELF = YES;
				CLANG_WARN_OBJC_LITERAL_CONVERSION = YES;
				CLANG_WARN_OBJC_ROOT_CLASS = YES_ERROR;
				CLANG_WARN_QUOTED_INCLUDE_IN_FRAMEWORK_HEADER = YES;
				CLANG_WARN_RANGE_LOOP_ANALYSIS = YES;
				CLANG_WARN_STRICT_PROTOTYPES = YES;
				CLANG_WARN_SUSPICIOUS_MOVE = YES;
				CLANG_WARN_UNGUARDED_AVAILABILITY = YES_AGGRESSIVE;
				CLANG_WARN_UNREACHABLE_CODE = YES;
				CLANG_WARN__DUPLICATE_METHOD_MATCH = YES;
				COPY_PHASE_STRIP = NO;
				DEBUG_INFORMATION_FORMAT = "dwarf-with-dsym";
				ENABLE_NS_ASSERTIONS = NO;
				ENABLE_STRICT_OBJC_MSGSEND = YES;
				ENABLE_USER_SCRIPT_SANDBOXING = YES;
				GCC_C_LANGUAGE_STANDARD = gnu17;
				GCC_NO_COMMON_BLOCKS = YES;
				GCC_WARN_64_TO_32_BIT_CONVERSION = YES;
				GCC_WARN_ABOUT_RETURN_TYPE = YES_ERROR;
				GCC_WARN_UNDECLARED_SELECTOR = YES;
				GCC_WARN_UNINITIALIZED_AUTOS = YES_AGGRESSIVE;
				GCC_WARN_UNUSED_FUNCTION = YES;
				GCC_WARN_UNUSED_VARIABLE = YES;
				MACOSX_DEPLOYMENT_TARGET = 13.0;
				MTL_ENABLE_DEBUG_INFO = NO;
				MTL_FAST_MATH = YES;
				SDKROOT = macosx;
				SWIFT_COMPILATION_MODE = wholemodule;
			};
			name = Release;
		};
		A9000003 /* Debug */ = {
			isa = XCBuildConfiguration;
			buildSettings = {
				ASSETCATALOG_COMPILER_APPICON_NAME = AppIcon;
				ASSETCATALOG_COMPILER_GLOBAL_ACCENT_COLOR_NAME = AccentColor;
				CODE_SIGN_ENTITLEMENTS = Kye/Kye.entitlements;
				"CODE_SIGN_IDENTITY[sdk=macosx*]" = "-";
				CODE_SIGN_STYLE = Automatic;
				COMBINE_HIDPI_IMAGES = YES;
				CURRENT_PROJECT_VERSION = 1;
				DEVELOPMENT_TEAM = "";
				ENABLE_HARDENED_RUNTIME = YES;
				GENERATE_INFOPLIST_FILE = NO;
				INFOPLIST_FILE = Kye/Info.plist;
				INFOPLIST_KEY_LSApplicationCategoryType = "public.app-category.utilities";
				INFOPLIST_KEY_NSHumanReadableCopyright = "Copyright 2025. All rights reserved.";
				LD_RUNPATH_SEARCH_PATHS = (
					"$(inherited)",
					"@executable_path/../Frameworks",
				);
				MARKETING_VERSION = 1.0;
				PRODUCT_BUNDLE_IDENTIFIER = com.kye.app;
				PRODUCT_NAME = "$(TARGET_NAME)";
				SWIFT_EMIT_LOC_STRINGS = YES;
				SWIFT_VERSION = 5.0;
			};
			name = Debug;
		};
		A9000004 /* Release */ = {
			isa = XCBuildConfiguration;
			buildSettings = {
				ASSETCATALOG_COMPILER_APPICON_NAME = AppIcon;
				ASSETCATALOG_COMPILER_GLOBAL_ACCENT_COLOR_NAME = AccentColor;
				CODE_SIGN_ENTITLEMENTS = Kye/Kye.entitlements;
				"CODE_SIGN_IDENTITY[sdk=macosx*]" = "-";
				CODE_SIGN_STYLE = Automatic;
				COMBINE_HIDPI_IMAGES = YES;
				CURRENT_PROJECT_VERSION = 1;
				DEVELOPMENT_TEAM = "";
				ENABLE_HARDENED_RUNTIME = YES;
				GENERATE_INFOPLIST_FILE = NO;
				INFOPLIST_FILE = Kye/Info.plist;
				INFOPLIST_KEY_LSApplicationCategoryType = "public.app-category.utilities";
				INFOPLIST_KEY_NSHumanReadableCopyright = "Copyright 2025. All rights reserved.";
				LD_RUNPATH_SEARCH_PATHS = (
					"$(inherited)",
					"@executable_path/../Frameworks",
				);
				MARKETING_VERSION = 1.0;
				PRODUCT_BUNDLE_IDENTIFIER = com.kye.app;
				PRODUCT_NAME = "$(TARGET_NAME)";
				SWIFT_EMIT_LOC_STRINGS = YES;
				SWIFT_VERSION = 5.0;
			};
			name = Release;
		};
		B9000001 /* Debug */ = {
			isa = XCBuildConfiguration;
			buildSettings = {
				BUNDLE_LOADER = "$(TEST_HOST)";
				CODE_SIGN_STYLE = Automatic;
				CURRENT_PROJECT_VERSION = 1;
				DEVELOPMENT_TEAM = "";
				GENERATE_INFOPLIST_FILE = YES;
				MACOSX_DEPLOYMENT_TARGET = 13.0;
				MARKETING_VERSION = 1.0;
				PRODUCT_BUNDLE_IDENTIFIER = com.kye.KyeTests;
				PRODUCT_NAME = "$(TARGET_NAME)";
				SWIFT_EMIT_LOC_STRINGS = NO;
				SWIFT_VERSION = 5.0;
				TEST_HOST = "$(BUILT_PRODUCTS_DIR)/Kye.app/$(BUNDLE_EXECUTABLE_FOLDER_PATH)/Kye";
			};
			name = Debug;
		};
		B9000002 /* Release */ = {
			isa = XCBuildConfiguration;
			buildSettings = {
				BUNDLE_LOADER = "$(TEST_HOST)";
				CODE_SIGN_STYLE = Automatic;
				CURRENT_PROJECT_VERSION = 1;
				DEVELOPMENT_TEAM = "";
				GENERATE_INFOPLIST_FILE = YES;
				MACOSX_DEPLOYMENT_TARGET = 13.0;
				MARKETING_VERSION = 1.0;
				PRODUCT_BUNDLE_IDENTIFIER = com.kye.KyeTests;
				PRODUCT_NAME = "$(TARGET_NAME)";
				SWIFT_EMIT_LOC_STRINGS = NO;
				SWIFT_VERSION = 5.0;
				TEST_HOST = "$(BUILT_PRODUCTS_DIR)/Kye.app/$(BUNDLE_EXECUTABLE_FOLDER_PATH)/Kye";
			};
			name = Release;
		};
/* End XCBuildConfiguration section */

/* Begin XCConfigurationList section */
		A7000001 /* Build configuration list for PBXNativeTarget "Kye" */ = {
			isa = XCConfigurationList;
			buildConfigurations = (
				A9000003 /* Debug */,
				A9000004 /* Release */,
			);
			defaultConfigurationIsVisible = 0;
			defaultConfigurationName = Release;
		};
		A7000002 /* Build configuration list for PBXProject "Kye" */ = {
			isa = XCConfigurationList;
			buildConfigurations = (
				A9000001 /* Debug */,
				A9000002 /* Release */,
			);
			defaultConfigurationIsVisible = 0;
			defaultConfigurationName = Release;
		};
		B7000001 /* Build configuration list for PBXNativeTarget "KyeTests" */ = {
			isa = XCConfigurationList;
			buildConfigurations = (
				B9000001 /* Debug */,
				B9000002 /* Release */,
			);
			defaultConfigurationIsVisible = 0;
			defaultConfigurationName = Release;
		};
/* End XCConfigurationList section */
	};
	rootObject = A8000001 /* Project object */;
}
